# This file is automatically @generated by Cargo.
# It is not intended for manual editing.
[[package]]
name = "program"
version = "1.1.0"
source = "git+https://git.dragonma.us/dragonmaus/program.rs#0b209ce9062e38d1b50191259394cab83619cd3b"

[[package]]
name = "ratio"
version = "1.0.0"
dependencies = [
 "program",
]
