# This file is automatically @generated by Cargo.
# It is not intended for manual editing.
version = 3

[[package]]
name = "program"
version = "1.0.1"
source = "git+git://git.dragonma.us/rust/program#45a5dab00f2020bc8ea22af230bd3339ec0e1aef"

[[package]]
name = "ratio"
version = "2.0.2"
dependencies = [
 "program",
]
