# This file is automatically @generated by Cargo.
# It is not intended for manual editing.
version = 3

[[package]]
name = "program"
version = "1.0.0"
source = "git+git://git.dragonma.us/rust/program#5d19738e79e77030b59035409c7e359b8f330262"

[[package]]
name = "ratio"
version = "1.0.0"
dependencies = [
 "program",
]
